
Microsoft Visual Studio Solution File, Format Version 12.00
# Visual Studio Version 17
VisualStudioVersion = 17.0.31611.283
MinimumVisualStudioVersion = 10.0.40219.1
Project("{9A19103F-16F7-4668-BE54-9A1E7A4F7556}") = "MAUIAppiumUiTestDemo", "MAUIAppiumUiTestDemo\MAUIAppiumUiTestDemo.csproj", "{66FD0309-9E90-4D8E-AB16-62CAB95F3623}"
EndProject
Project("{FAE04EC0-301F-11D3-BF4B-00C04F79EFBC}") = "MAUIAppiumUITestDemo.Test", "MAUIAppiumUITestDemo.Test\MAUIAppiumUITestDemo.Test.csproj", "{7B08073D-1570-4025-806C-8C47DD9C9379}"
EndProject
Global
	GlobalSection(SolutionConfigurationPlatforms) = preSolution
		Debug|Any CPU = Debug|Any CPU
		Release|Any CPU = Release|Any CPU
	EndGlobalSection
	GlobalSection(ProjectConfigurationPlatforms) = postSolution
		{66FD0309-9E90-4D8E-AB16-62CAB95F3623}.Debug|Any CPU.ActiveCfg = Debug|Any CPU
		{66FD0309-9E90-4D8E-AB16-62CAB95F3623}.Debug|Any CPU.Build.0 = Debug|Any CPU
		{66FD0309-9E90-4D8E-AB16-62CAB95F3623}.Debug|Any CPU.Deploy.0 = Debug|Any CPU
		{66FD0309-9E90-4D8E-AB16-62CAB95F3623}.Release|Any CPU.ActiveCfg = Release|Any CPU
		{66FD0309-9E90-4D8E-AB16-62CAB95F3623}.Release|Any CPU.Build.0 = Release|Any CPU
		{66FD0309-9E90-4D8E-AB16-62CAB95F3623}.Release|Any CPU.Deploy.0 = Release|Any CPU
		{7B08073D-1570-4025-806C-8C47DD9C9379}.Debug|Any CPU.ActiveCfg = Debug|Any CPU
		{7B08073D-1570-4025-806C-8C47DD9C9379}.Debug|Any CPU.Build.0 = Debug|Any CPU
		{7B08073D-1570-4025-806C-8C47DD9C9379}.Release|Any CPU.ActiveCfg = Release|Any CPU
		{7B08073D-1570-4025-806C-8C47DD9C9379}.Release|Any CPU.Build.0 = Release|Any CPU
	EndGlobalSection
	GlobalSection(SolutionProperties) = preSolution
		HideSolutionNode = FALSE
	EndGlobalSection
	GlobalSection(ExtensibilityGlobals) = postSolution
		SolutionGuid = {61F7FB11-1E47-470C-91E2-47F8143E1572}
	EndGlobalSection
EndGlobal
